
Microsoft Visual Studio Solution File, Format Version 12.00
# Visual Studio Version 17
VisualStudioVersion = 17.6.33829.357
MinimumVisualStudioVersion = 10.0.40219.1
Project("{FAE04EC0-301F-11D3-BF4B-00C04F79EFBC}") = "Csharp_giaithua1", "Csharp_giaithua1.csproj", "{F332C63D-21E7-4BB2-BE01-4B12953EB653}"
EndProject
Global
	GlobalSection(SolutionConfigurationPlatforms) = preSolution
		Debug|Any CPU = Debug|Any CPU
		Release|Any CPU = Release|Any CPU
	EndGlobalSection
	GlobalSection(ProjectConfigurationPlatforms) = postSolution
		{F332C63D-21E7-4BB2-BE01-4B12953EB653}.Debug|Any CPU.ActiveCfg = Debug|Any CPU
		{F332C63D-21E7-4BB2-BE01-4B12953EB653}.Debug|Any CPU.Build.0 = Debug|Any CPU
		{F332C63D-21E7-4BB2-BE01-4B12953EB653}.Release|Any CPU.ActiveCfg = Release|Any CPU
		{F332C63D-21E7-4BB2-BE01-4B12953EB653}.Release|Any CPU.Build.0 = Release|Any CPU
	EndGlobalSection
	GlobalSection(SolutionProperties) = preSolution
		HideSolutionNode = FALSE
	EndGlobalSection
	GlobalSection(ExtensibilityGlobals) = postSolution
		SolutionGuid = {320E8C10-016E-4FF6-86D0-D2C993B6C565}
	EndGlobalSection
EndGlobal
